PODS:
  - JSPatch (1.1.1):
    - JSPatch/Core (= 1.1.1)
  - JSPatch/Core (1.1.1)
  - ReactiveCocoa (2.5):
    - ReactiveCocoa/UI (= 2.5)
  - ReactiveCocoa/Core (2.5):
    - ReactiveCocoa/no-arc
  - ReactiveCocoa/no-arc (2.5)
  - ReactiveCocoa/UI (2.5):
    - ReactiveCocoa/Core

DEPENDENCIES:
  - JSPatch
  - ReactiveCocoa (= 2.5)

SPEC CHECKSUMS:
  JSPatch: a4e4d28aef1dc17f4334d9e6bd590d7f0a0cd7b1
  ReactiveCocoa: e2db045570aa97c695e7aa97c2bcab222ae51f4a

PODFILE CHECKSUM: 699a3a6fbb0ff657c5a14d36faa7674487178c7a

COCOAPODS: 1.2.0
