// !$*UTF8*$!
{
	archiveVersion = 1;
	classes = {
	};
	objectVersion = 46;
	objects = {

/* Begin PBXBuildFile section */
		94BFA6531E0169CB006AB728 /* main.m in Sources */ = {isa = PBXBuildFile; fileRef = 94BFA6521E0169CB006AB728 /* main.m */; };
		94BFA6561E0169CB006AB728 /* AppDelegate.m in Sources */ = {isa = PBXBuildFile; fileRef = 94BFA6551E0169CB006AB728 /* AppDelegate.m */; };
		94BFA65E1E0169CB006AB728 /* Assets.xcassets in Resources */ = {isa = PBXBuildFile; fileRef = 94BFA65D1E0169CB006AB728 /* Assets.xcassets */; };
		94BFA6611E0169CB006AB728 /* LaunchScreen.storyboard in Resources */ = {isa = PBXBuildFile; fileRef = 94BFA65F1E0169CB006AB728 /* LaunchScreen.storyboard */; };
		94BFA66C1E0169CB006AB728 /* AggregateTestTests.m in Sources */ = {isa = PBXBuildFile; fileRef = 94BFA66B1E0169CB006AB728 /* AggregateTestTests.m */; };
		94BFA6771E0169CB006AB728 /* AggregateTestUITests.m in Sources */ = {isa = PBXBuildFile; fileRef = 94BFA6761E0169CB006AB728 /* AggregateTestUITests.m */; };
		94BFA68A1E016E08006AB728 /* JSPatchTestRootVC.m in Sources */ = {isa = PBXBuildFile; fileRef = 94BFA6891E016E08006AB728 /* JSPatchTestRootVC.m */; };
		94BFA6941E0238AD006AB728 /* YUENMediator+Root.m in Sources */ = {isa = PBXBuildFile; fileRef = 94BFA6931E0238AD006AB728 /* YUENMediator+Root.m */; };
		94BFA69A1E0246E9006AB728 /* UIViewController+MediatorWeafRefRegister.m in Sources */ = {isa = PBXBuildFile; fileRef = 94BFA6991E0246E9006AB728 /* UIViewController+MediatorWeafRefRegister.m */; };
		94BFA69E1E024740006AB728 /* YUENSwizzleMethodUtil.m in Sources */ = {isa = PBXBuildFile; fileRef = 94BFA69D1E024740006AB728 /* YUENSwizzleMethodUtil.m */; };
		94BFA6B41E024917006AB728 /* RootNavigationController.m in Sources */ = {isa = PBXBuildFile; fileRef = 94BFA6B01E024917006AB728 /* RootNavigationController.m */; };
		94BFA6B51E024917006AB728 /* RootTableViewController.m in Sources */ = {isa = PBXBuildFile; fileRef = 94BFA6B21E024917006AB728 /* RootTableViewController.m */; };
		94BFA6BB1E0249AC006AB728 /* RootTableViewCell.m in Sources */ = {isa = PBXBuildFile; fileRef = 94BFA6BA1E0249AC006AB728 /* RootTableViewCell.m */; };
		94BFA6BD1E025B1A006AB728 /* main.js in Resources */ = {isa = PBXBuildFile; fileRef = 94BFA6BC1E025B1A006AB728 /* main.js */; };
		94BFA6C11E03E31C006AB728 /* TestMemoryBaseClass.m in Sources */ = {isa = PBXBuildFile; fileRef = 94BFA6C01E03E31C006AB728 /* TestMemoryBaseClass.m */; };
		94BFA6C41E03E613006AB728 /* TestMemoryConcreteClass.m in Sources */ = {isa = PBXBuildFile; fileRef = 94BFA6C31E03E613006AB728 /* TestMemoryConcreteClass.m */; };
		D33C1B62F698DA4AFE569330 /* Pods_AggregateTestUITests.framework in Frameworks */ = {isa = PBXBuildFile; fileRef = 94D63232C71A329EA03DF08F /* Pods_AggregateTestUITests.framework */; };
		EC5A414F1E327D1F005C6277 /* libRCTText.a in Frameworks */ = {isa = PBXBuildFile; fileRef = EC5A414C1E327D16005C6277 /* libRCTText.a */; };
		EC5A41501E327D24005C6277 /* libReact.a in Frameworks */ = {isa = PBXBuildFile; fileRef = EC5A41371E327CEF005C6277 /* libReact.a */; };
		EC5A41631E328C0A005C6277 /* libRCTNetwork.a in Frameworks */ = {isa = PBXBuildFile; fileRef = EC5A41571E3288C1005C6277 /* libRCTNetwork.a */; };
		EC5A41641E328C11005C6277 /* libRCTWebSocket.a in Frameworks */ = {isa = PBXBuildFile; fileRef = EC5A41601E3288DF005C6277 /* libRCTWebSocket.a */; };
		EC5A41651E328C18005C6277 /* libcxxreact.a in Frameworks */ = {isa = PBXBuildFile; fileRef = EC5A413F1E327CEF005C6277 /* libcxxreact.a */; };
		EC5A41661E328C1D005C6277 /* libjschelpers.a in Frameworks */ = {isa = PBXBuildFile; fileRef = EC5A41431E327CEF005C6277 /* libjschelpers.a */; };
		EC5A41671E328C24005C6277 /* libyoga.a in Frameworks */ = {isa = PBXBuildFile; fileRef = EC5A413B1E327CEF005C6277 /* libyoga.a */; };
		EC5A41691E328FC3005C6277 /* index.ios.js in Resources */ = {isa = PBXBuildFile; fileRef = EC5A41681E328FC3005C6277 /* index.ios.js */; };
		EC961D3A1E1657FA0014C7B1 /* ArchitectureMVPRootVC.m in Sources */ = {isa = PBXBuildFile; fileRef = EC961D391E1657FA0014C7B1 /* ArchitectureMVPRootVC.m */; };
		ECAA07101E16963400A8F927 /* MVPTestDataModel.m in Sources */ = {isa = PBXBuildFile; fileRef = ECAA070F1E16963400A8F927 /* MVPTestDataModel.m */; };
		ECAA07131E16967C00A8F927 /* MVPTestPresenter.m in Sources */ = {isa = PBXBuildFile; fileRef = ECAA07121E16967C00A8F927 /* MVPTestPresenter.m */; };
		ECAA07161E16970500A8F927 /* MVPTestViewController.m in Sources */ = {isa = PBXBuildFile; fileRef = ECAA07151E16970500A8F927 /* MVPTestViewController.m */; };
		ECAA071A1E16B58D00A8F927 /* ArchitectureMVVMRootVC.m in Sources */ = {isa = PBXBuildFile; fileRef = ECAA07191E16B58D00A8F927 /* ArchitectureMVVMRootVC.m */; };
		ECAA071D1E16BB7C00A8F927 /* MVVMTestDataModel.m in Sources */ = {isa = PBXBuildFile; fileRef = ECAA071C1E16BB7C00A8F927 /* MVVMTestDataModel.m */; };
		ECAA07201E16BBAD00A8F927 /* MVVMTestViewModel.m in Sources */ = {isa = PBXBuildFile; fileRef = ECAA071F1E16BBAD00A8F927 /* MVVMTestViewModel.m */; };
		ECAA07231E16BD4C00A8F927 /* MVVMTestViewController.m in Sources */ = {isa = PBXBuildFile; fileRef = ECAA07221E16BD4C00A8F927 /* MVVMTestViewController.m */; };
		F5879CA508566C6462D140E5 /* Pods_AggregateTest.framework in Frameworks */ = {isa = PBXBuildFile; fileRef = A730B1948499D57E69AB9992 /* Pods_AggregateTest.framework */; };
		FABB6FCDEFC705C2B138FF0F /* Pods_AggregateTestTests.framework in Frameworks */ = {isa = PBXBuildFile; fileRef = B63A8D28A536BB7D54BEADAA /* Pods_AggregateTestTests.framework */; };
/* End PBXBuildFile section */

/* Begin PBXContainerItemProxy section */
		94BFA6681E0169CB006AB728 /* PBXContainerItemProxy */ = {
			isa = PBXContainerItemProxy;
			containerPortal = 94BFA6461E0169CB006AB728 /* Project object */;
			proxyType = 1;
			remoteGlobalIDString = 94BFA64D1E0169CB006AB728;
			remoteInfo = AggregateTest;
		};
		94BFA6731E0169CB006AB728 /* PBXContainerItemProxy */ = {
			isa = PBXContainerItemProxy;
			containerPortal = 94BFA6461E0169CB006AB728 /* Project object */;
			proxyType = 1;
			remoteGlobalIDString = 94BFA64D1E0169CB006AB728;
			remoteInfo = AggregateTest;
		};
		EC5A41361E327CEF005C6277 /* PBXContainerItemProxy */ = {
			isa = PBXContainerItemProxy;
			containerPortal = EC5A412B1E327CEF005C6277 /* React.xcodeproj */;
			proxyType = 2;
			remoteGlobalIDString = 83CBBA2E1A601D0E00E9B192;
			remoteInfo = React;
		};
		EC5A41381E327CEF005C6277 /* PBXContainerItemProxy */ = {
			isa = PBXContainerItemProxy;
			containerPortal = EC5A412B1E327CEF005C6277 /* React.xcodeproj */;
			proxyType = 2;
			remoteGlobalIDString = 2D2A28131D9B038B00D4039D;
			remoteInfo = "React-tvOS";
		};
		EC5A413A1E327CEF005C6277 /* PBXContainerItemProxy */ = {
			isa = PBXContainerItemProxy;
			containerPortal = EC5A412B1E327CEF005C6277 /* React.xcodeproj */;
			proxyType = 2;
			remoteGlobalIDString = 3D3C059A1DE3340900C268FA;
			remoteInfo = yoga;
		};
		EC5A413C1E327CEF005C6277 /* PBXContainerItemProxy */ = {
			isa = PBXContainerItemProxy;
			containerPortal = EC5A412B1E327CEF005C6277 /* React.xcodeproj */;
			proxyType = 2;
			remoteGlobalIDString = 3D3C06751DE3340C00C268FA;
			remoteInfo = "yoga-tvOS";
		};
		EC5A413E1E327CEF005C6277 /* PBXContainerItemProxy */ = {
			isa = PBXContainerItemProxy;
			containerPortal = EC5A412B1E327CEF005C6277 /* React.xcodeproj */;
			proxyType = 2;
			remoteGlobalIDString = 3D3CD9251DE5FBEC00167DC4;
			remoteInfo = cxxreact;
		};
		EC5A41401E327CEF005C6277 /* PBXContainerItemProxy */ = {
			isa = PBXContainerItemProxy;
			containerPortal = EC5A412B1E327CEF005C6277 /* React.xcodeproj */;
			proxyType = 2;
			remoteGlobalIDString = 3D3CD9321DE5FBEE00167DC4;
			remoteInfo = "cxxreact-tvOS";
		};
		EC5A41421E327CEF005C6277 /* PBXContainerItemProxy */ = {
			isa = PBXContainerItemProxy;
			containerPortal = EC5A412B1E327CEF005C6277 /* React.xcodeproj */;
			proxyType = 2;
			remoteGlobalIDString = 3D3CD90B1DE5FBD600167DC4;
			remoteInfo = jschelpers;
		};
		EC5A41441E327CEF005C6277 /* PBXContainerItemProxy */ = {
			isa = PBXContainerItemProxy;
			containerPortal = EC5A412B1E327CEF005C6277 /* React.xcodeproj */;
			proxyType = 2;
			remoteGlobalIDString = 3D3CD9181DE5FBD800167DC4;
			remoteInfo = "jschelpers-tvOS";
		};
		EC5A414B1E327D16005C6277 /* PBXContainerItemProxy */ = {
			isa = PBXContainerItemProxy;
			containerPortal = EC5A41461E327D16005C6277 /* RCTText.xcodeproj */;
			proxyType = 2;
			remoteGlobalIDString = 58B5119B1A9E6C1200147676;
			remoteInfo = RCTText;
		};
		EC5A414D1E327D16005C6277 /* PBXContainerItemProxy */ = {
			isa = PBXContainerItemProxy;
			containerPortal = EC5A41461E327D16005C6277 /* RCTText.xcodeproj */;
			proxyType = 2;
			remoteGlobalIDString = 2D2A287B1D9B048500D4039D;
			remoteInfo = "RCTText-tvOS";
		};
		EC5A41561E3288C1005C6277 /* PBXContainerItemProxy */ = {
			isa = PBXContainerItemProxy;
			containerPortal = EC5A41511E3288C0005C6277 /* RCTNetwork.xcodeproj */;
			proxyType = 2;
			remoteGlobalIDString = 58B511DB1A9E6C8500147676;
			remoteInfo = RCTNetwork;
		};
		EC5A41581E3288C1005C6277 /* PBXContainerItemProxy */ = {
			isa = PBXContainerItemProxy;
			containerPortal = EC5A41511E3288C0005C6277 /* RCTNetwork.xcodeproj */;
			proxyType = 2;
			remoteGlobalIDString = 2D2A28541D9B044C00D4039D;
			remoteInfo = "RCTNetwork-tvOS";
		};
		EC5A415F1E3288DF005C6277 /* PBXContainerItemProxy */ = {
			isa = PBXContainerItemProxy;
			containerPortal = EC5A415A1E3288DF005C6277 /* RCTWebSocket.xcodeproj */;
			proxyType = 2;
			remoteGlobalIDString = 3C86DF461ADF2C930047B81A;
			remoteInfo = RCTWebSocket;
		};
		EC5A41611E3288DF005C6277 /* PBXContainerItemProxy */ = {
			isa = PBXContainerItemProxy;
			containerPortal = EC5A415A1E3288DF005C6277 /* RCTWebSocket.xcodeproj */;
			proxyType = 2;
			remoteGlobalIDString = 2D2A28881D9B049200D4039D;
			remoteInfo = "RCTWebSocket-tvOS";
		};
/* End PBXContainerItemProxy section */

/* Begin PBXFileReference section */
		3D1022CDA15CF5DDC8037129 /* Pods-AggregateTest.debug.xcconfig */ = {isa = PBXFileReference; includeInIndex = 1; lastKnownFileType = text.xcconfig; name = "Pods-AggregateTest.debug.xcconfig"; path = "Pods/Target Support Files/Pods-AggregateTest/Pods-AggregateTest.debug.xcconfig"; sourceTree = "<group>"; };
		7094C1E38C5BF09D282F009C /* Pods-AggregateTestTests.release.xcconfig */ = {isa = PBXFileReference; includeInIndex = 1; lastKnownFileType = text.xcconfig; name = "Pods-AggregateTestTests.release.xcconfig"; path = "Pods/Target Support Files/Pods-AggregateTestTests/Pods-AggregateTestTests.release.xcconfig"; sourceTree = "<group>"; };
		87929C801E75AF359C0CA2B5 /* Pods-AggregateTestUITests.release.xcconfig */ = {isa = PBXFileReference; includeInIndex = 1; lastKnownFileType = text.xcconfig; name = "Pods-AggregateTestUITests.release.xcconfig"; path = "Pods/Target Support Files/Pods-AggregateTestUITests/Pods-AggregateTestUITests.release.xcconfig"; sourceTree = "<group>"; };
		94BFA64E1E0169CB006AB728 /* AggregateTest.app */ = {isa = PBXFileReference; explicitFileType = wrapper.application; includeInIndex = 0; path = AggregateTest.app; sourceTree = BUILT_PRODUCTS_DIR; };
		94BFA6521E0169CB006AB728 /* main.m */ = {isa = PBXFileReference; lastKnownFileType = sourcecode.c.objc; path = main.m; sourceTree = "<group>"; };
		94BFA6541E0169CB006AB728 /* AppDelegate.h */ = {isa = PBXFileReference; lastKnownFileType = sourcecode.c.h; path = AppDelegate.h; sourceTree = "<group>"; };
		94BFA6551E0169CB006AB728 /* AppDelegate.m */ = {isa = PBXFileReference; lastKnownFileType = sourcecode.c.objc; path = AppDelegate.m; sourceTree = "<group>"; };
		94BFA65D1E0169CB006AB728 /* Assets.xcassets */ = {isa = PBXFileReference; lastKnownFileType = folder.assetcatalog; path = Assets.xcassets; sourceTree = "<group>"; };
		94BFA6601E0169CB006AB728 /* Base */ = {isa = PBXFileReference; lastKnownFileType = file.storyboard; name = Base; path = Base.lproj/LaunchScreen.storyboard; sourceTree = "<group>"; };
		94BFA6621E0169CB006AB728 /* Info.plist */ = {isa = PBXFileReference; lastKnownFileType = text.plist.xml; path = Info.plist; sourceTree = "<group>"; };
		94BFA6671E0169CB006AB728 /* AggregateTestTests.xctest */ = {isa = PBXFileReference; explicitFileType = wrapper.cfbundle; includeInIndex = 0; path = AggregateTestTests.xctest; sourceTree = BUILT_PRODUCTS_DIR; };
		94BFA66B1E0169CB006AB728 /* AggregateTestTests.m */ = {isa = PBXFileReference; lastKnownFileType = sourcecode.c.objc; path = AggregateTestTests.m; sourceTree = "<group>"; };
		94BFA66D1E0169CB006AB728 /* Info.plist */ = {isa = PBXFileReference; lastKnownFileType = text.plist.xml; path = Info.plist; sourceTree = "<group>"; };
		94BFA6721E0169CB006AB728 /* AggregateTestUITests.xctest */ = {isa = PBXFileReference; explicitFileType = wrapper.cfbundle; includeInIndex = 0; path = AggregateTestUITests.xctest; sourceTree = BUILT_PRODUCTS_DIR; };
		94BFA6761E0169CB006AB728 /* AggregateTestUITests.m */ = {isa = PBXFileReference; lastKnownFileType = sourcecode.c.objc; path = AggregateTestUITests.m; sourceTree = "<group>"; };
		94BFA6781E0169CB006AB728 /* Info.plist */ = {isa = PBXFileReference; lastKnownFileType = text.plist.xml; path = Info.plist; sourceTree = "<group>"; };
		94BFA6881E016E08006AB728 /* JSPatchTestRootVC.h */ = {isa = PBXFileReference; fileEncoding = 4; lastKnownFileType = sourcecode.c.h; path = JSPatchTestRootVC.h; sourceTree = "<group>"; };
		94BFA6891E016E08006AB728 /* JSPatchTestRootVC.m */ = {isa = PBXFileReference; fileEncoding = 4; lastKnownFileType = sourcecode.c.objc; path = JSPatchTestRootVC.m; sourceTree = "<group>"; };
		94BFA68C1E016FA1006AB728 /* YUENMediator.h */ = {isa = PBXFileReference; fileEncoding = 4; lastKnownFileType = sourcecode.c.h; path = YUENMediator.h; sourceTree = "<group>"; };
		94BFA6921E0238AD006AB728 /* YUENMediator+Root.h */ = {isa = PBXFileReference; fileEncoding = 4; lastKnownFileType = sourcecode.c.h; path = "YUENMediator+Root.h"; sourceTree = "<group>"; };
		94BFA6931E0238AD006AB728 /* YUENMediator+Root.m */ = {isa = PBXFileReference; fileEncoding = 4; lastKnownFileType = sourcecode.c.objc; path = "YUENMediator+Root.m"; sourceTree = "<group>"; };
		94BFA6981E0246E9006AB728 /* UIViewController+MediatorWeafRefRegister.h */ = {isa = PBXFileReference; fileEncoding = 4; lastKnownFileType = sourcecode.c.h; path = "UIViewController+MediatorWeafRefRegister.h"; sourceTree = "<group>"; };
		94BFA6991E0246E9006AB728 /* UIViewController+MediatorWeafRefRegister.m */ = {isa = PBXFileReference; fileEncoding = 4; lastKnownFileType = sourcecode.c.objc; path = "UIViewController+MediatorWeafRefRegister.m"; sourceTree = "<group>"; };
		94BFA69C1E024740006AB728 /* YUENSwizzleMethodUtil.h */ = {isa = PBXFileReference; fileEncoding = 4; lastKnownFileType = sourcecode.c.h; path = YUENSwizzleMethodUtil.h; sourceTree = "<group>"; };
		94BFA69D1E024740006AB728 /* YUENSwizzleMethodUtil.m */ = {isa = PBXFileReference; fileEncoding = 4; lastKnownFileType = sourcecode.c.objc; path = YUENSwizzleMethodUtil.m; sourceTree = "<group>"; };
		94BFA6AF1E024917006AB728 /* RootNavigationController.h */ = {isa = PBXFileReference; fileEncoding = 4; lastKnownFileType = sourcecode.c.h; path = RootNavigationController.h; sourceTree = "<group>"; };
		94BFA6B01E024917006AB728 /* RootNavigationController.m */ = {isa = PBXFileReference; fileEncoding = 4; lastKnownFileType = sourcecode.c.objc; path = RootNavigationController.m; sourceTree = "<group>"; };
		94BFA6B11E024917006AB728 /* RootTableViewController.h */ = {isa = PBXFileReference; fileEncoding = 4; lastKnownFileType = sourcecode.c.h; path = RootTableViewController.h; sourceTree = "<group>"; };
		94BFA6B21E024917006AB728 /* RootTableViewController.m */ = {isa = PBXFileReference; fileEncoding = 4; lastKnownFileType = sourcecode.c.objc; path = RootTableViewController.m; sourceTree = "<group>"; };
		94BFA6B91E0249AC006AB728 /* RootTableViewCell.h */ = {isa = PBXFileReference; fileEncoding = 4; lastKnownFileType = sourcecode.c.h; path = RootTableViewCell.h; sourceTree = "<group>"; };
		94BFA6BA1E0249AC006AB728 /* RootTableViewCell.m */ = {isa = PBXFileReference; fileEncoding = 4; lastKnownFileType = sourcecode.c.objc; path = RootTableViewCell.m; sourceTree = "<group>"; };
		94BFA6BC1E025B1A006AB728 /* main.js */ = {isa = PBXFileReference; fileEncoding = 4; lastKnownFileType = sourcecode.javascript; path = main.js; sourceTree = "<group>"; };
		94BFA6BF1E03E31C006AB728 /* TestMemoryBaseClass.h */ = {isa = PBXFileReference; fileEncoding = 4; lastKnownFileType = sourcecode.c.h; path = TestMemoryBaseClass.h; sourceTree = "<group>"; };
		94BFA6C01E03E31C006AB728 /* TestMemoryBaseClass.m */ = {isa = PBXFileReference; fileEncoding = 4; lastKnownFileType = sourcecode.c.objc; path = TestMemoryBaseClass.m; sourceTree = "<group>"; };
		94BFA6C21E03E613006AB728 /* TestMemoryConcreteClass.h */ = {isa = PBXFileReference; fileEncoding = 4; lastKnownFileType = sourcecode.c.h; path = TestMemoryConcreteClass.h; sourceTree = "<group>"; };
		94BFA6C31E03E613006AB728 /* TestMemoryConcreteClass.m */ = {isa = PBXFileReference; fileEncoding = 4; lastKnownFileType = sourcecode.c.objc; path = TestMemoryConcreteClass.m; sourceTree = "<group>"; };
		94D63232C71A329EA03DF08F /* Pods_AggregateTestUITests.framework */ = {isa = PBXFileReference; explicitFileType = wrapper.framework; includeInIndex = 0; path = Pods_AggregateTestUITests.framework; sourceTree = BUILT_PRODUCTS_DIR; };
		A730B1948499D57E69AB9992 /* Pods_AggregateTest.framework */ = {isa = PBXFileReference; explicitFileType = wrapper.framework; includeInIndex = 0; path = Pods_AggregateTest.framework; sourceTree = BUILT_PRODUCTS_DIR; };
		B63A8D28A536BB7D54BEADAA /* Pods_AggregateTestTests.framework */ = {isa = PBXFileReference; explicitFileType = wrapper.framework; includeInIndex = 0; path = Pods_AggregateTestTests.framework; sourceTree = BUILT_PRODUCTS_DIR; };
		DBFF50BC38358F115A8A8F83 /* Pods-AggregateTest.release.xcconfig */ = {isa = PBXFileReference; includeInIndex = 1; lastKnownFileType = text.xcconfig; name = "Pods-AggregateTest.release.xcconfig"; path = "Pods/Target Support Files/Pods-AggregateTest/Pods-AggregateTest.release.xcconfig"; sourceTree = "<group>"; };
		DEF1C9F57CFB1C400D336229 /* Pods-AggregateTestUITests.debug.xcconfig */ = {isa = PBXFileReference; includeInIndex = 1; lastKnownFileType = text.xcconfig; name = "Pods-AggregateTestUITests.debug.xcconfig"; path = "Pods/Target Support Files/Pods-AggregateTestUITests/Pods-AggregateTestUITests.debug.xcconfig"; sourceTree = "<group>"; };
		EB2DC07C213859147A1FD22D /* Pods-AggregateTestTests.debug.xcconfig */ = {isa = PBXFileReference; includeInIndex = 1; lastKnownFileType = text.xcconfig; name = "Pods-AggregateTestTests.debug.xcconfig"; path = "Pods/Target Support Files/Pods-AggregateTestTests/Pods-AggregateTestTests.debug.xcconfig"; sourceTree = "<group>"; };
		EC14677B1E31F1F300871E33 /* JavaScriptCore.framework */ = {isa = PBXFileReference; lastKnownFileType = wrapper.framework; name = JavaScriptCore.framework; path = System/Library/Frameworks/JavaScriptCore.framework; sourceTree = SDKROOT; };
		EC14677D1E31F21200871E33 /* React.framework */ = {isa = PBXFileReference; lastKnownFileType = wrapper.framework; name = React.framework; path = "../../../../../Users/yuanzheng/Library/Developer/Xcode/DerivedData/AggregateTest-adcvaspuqdokdybrashecawkkpyi/Build/Products/Debug-iphonesimulator/React/React.framework"; sourceTree = "<group>"; };
		EC14677F1E31F21600871E33 /* ReactiveCocoa.framework */ = {isa = PBXFileReference; lastKnownFileType = wrapper.framework; name = ReactiveCocoa.framework; path = "../../../../../Users/yuanzheng/Library/Developer/Xcode/DerivedData/AggregateTest-adcvaspuqdokdybrashecawkkpyi/Build/Products/Debug-iphonesimulator/ReactiveCocoa/ReactiveCocoa.framework"; sourceTree = "<group>"; };
		EC1467811E31F23B00871E33 /* JSPatch.framework */ = {isa = PBXFileReference; lastKnownFileType = wrapper.framework; name = JSPatch.framework; path = "../../../../../Users/yuanzheng/Library/Developer/Xcode/DerivedData/AggregateTest-adcvaspuqdokdybrashecawkkpyi/Build/Products/Debug-iphonesimulator/JSPatch/JSPatch.framework"; sourceTree = "<group>"; };
		EC5A411B1E327B88005C6277 /* package.json */ = {isa = PBXFileReference; fileEncoding = 4; lastKnownFileType = text.json; path = package.json; sourceTree = "<group>"; };
		EC5A411C1E327B88005C6277 /* ReactNative.rtfd */ = {isa = PBXFileReference; lastKnownFileType = wrapper.rtfd; path = ReactNative.rtfd; sourceTree = "<group>"; };
		EC5A412B1E327CEF005C6277 /* React.xcodeproj */ = {isa = PBXFileReference; lastKnownFileType = "wrapper.pb-project"; name = React.xcodeproj; path = "ReactNative/node_modules/react-native/React/React.xcodeproj"; sourceTree = SOURCE_ROOT; };
		EC5A41461E327D16005C6277 /* RCTText.xcodeproj */ = {isa = PBXFileReference; lastKnownFileType = "wrapper.pb-project"; name = RCTText.xcodeproj; path = "ReactNative/node_modules/react-native/Libraries/Text/RCTText.xcodeproj"; sourceTree = SOURCE_ROOT; };
		EC5A41511E3288C0005C6277 /* RCTNetwork.xcodeproj */ = {isa = PBXFileReference; lastKnownFileType = "wrapper.pb-project"; name = RCTNetwork.xcodeproj; path = "ReactNative/node_modules/react-native/Libraries/Network/RCTNetwork.xcodeproj"; sourceTree = SOURCE_ROOT; };
		EC5A415A1E3288DF005C6277 /* RCTWebSocket.xcodeproj */ = {isa = PBXFileReference; lastKnownFileType = "wrapper.pb-project"; name = RCTWebSocket.xcodeproj; path = "ReactNative/node_modules/react-native/Libraries/WebSocket/RCTWebSocket.xcodeproj"; sourceTree = SOURCE_ROOT; };
		EC5A41681E328FC3005C6277 /* index.ios.js */ = {isa = PBXFileReference; fileEncoding = 4; lastKnownFileType = sourcecode.javascript; path = index.ios.js; sourceTree = "<group>"; };
		EC961D381E1657FA0014C7B1 /* ArchitectureMVPRootVC.h */ = {isa = PBXFileReference; fileEncoding = 4; lastKnownFileType = sourcecode.c.h; path = ArchitectureMVPRootVC.h; sourceTree = "<group>"; };
		EC961D391E1657FA0014C7B1 /* ArchitectureMVPRootVC.m */ = {isa = PBXFileReference; fileEncoding = 4; lastKnownFileType = sourcecode.c.objc; path = ArchitectureMVPRootVC.m; sourceTree = "<group>"; };
		EC961D3B1E165EF00014C7B1 /* AggregateTest-Bridging-Header.h */ = {isa = PBXFileReference; lastKnownFileType = sourcecode.c.h; name = "AggregateTest-Bridging-Header.h"; path = "Sets4Test/ArchitectureMVP/AggregateTest-Bridging-Header.h"; sourceTree = "<group>"; };
		ECAA070E1E16963400A8F927 /* MVPTestDataModel.h */ = {isa = PBXFileReference; fileEncoding = 4; lastKnownFileType = sourcecode.c.h; path = MVPTestDataModel.h; sourceTree = "<group>"; };
		ECAA070F1E16963400A8F927 /* MVPTestDataModel.m */ = {isa = PBXFileReference; fileEncoding = 4; lastKnownFileType = sourcecode.c.objc; path = MVPTestDataModel.m; sourceTree = "<group>"; };
		ECAA07111E16967C00A8F927 /* MVPTestPresenter.h */ = {isa = PBXFileReference; fileEncoding = 4; lastKnownFileType = sourcecode.c.h; path = MVPTestPresenter.h; sourceTree = "<group>"; };
		ECAA07121E16967C00A8F927 /* MVPTestPresenter.m */ = {isa = PBXFileReference; fileEncoding = 4; lastKnownFileType = sourcecode.c.objc; path = MVPTestPresenter.m; sourceTree = "<group>"; };
		ECAA07141E16970500A8F927 /* MVPTestViewController.h */ = {isa = PBXFileReference; fileEncoding = 4; lastKnownFileType = sourcecode.c.h; path = MVPTestViewController.h; sourceTree = "<group>"; };
		ECAA07151E16970500A8F927 /* MVPTestViewController.m */ = {isa = PBXFileReference; fileEncoding = 4; lastKnownFileType = sourcecode.c.objc; path = MVPTestViewController.m; sourceTree = "<group>"; };
		ECAA07181E16B58D00A8F927 /* ArchitectureMVVMRootVC.h */ = {isa = PBXFileReference; fileEncoding = 4; lastKnownFileType = sourcecode.c.h; path = ArchitectureMVVMRootVC.h; sourceTree = "<group>"; };
		ECAA07191E16B58D00A8F927 /* ArchitectureMVVMRootVC.m */ = {isa = PBXFileReference; fileEncoding = 4; lastKnownFileType = sourcecode.c.objc; path = ArchitectureMVVMRootVC.m; sourceTree = "<group>"; };
		ECAA071B1E16BB7C00A8F927 /* MVVMTestDataModel.h */ = {isa = PBXFileReference; fileEncoding = 4; lastKnownFileType = sourcecode.c.h; path = MVVMTestDataModel.h; sourceTree = "<group>"; };
		ECAA071C1E16BB7C00A8F927 /* MVVMTestDataModel.m */ = {isa = PBXFileReference; fileEncoding = 4; lastKnownFileType = sourcecode.c.objc; path = MVVMTestDataModel.m; sourceTree = "<group>"; };
		ECAA071E1E16BBAD00A8F927 /* MVVMTestViewModel.h */ = {isa = PBXFileReference; fileEncoding = 4; lastKnownFileType = sourcecode.c.h; path = MVVMTestViewModel.h; sourceTree = "<group>"; };
		ECAA071F1E16BBAD00A8F927 /* MVVMTestViewModel.m */ = {isa = PBXFileReference; fileEncoding = 4; lastKnownFileType = sourcecode.c.objc; path = MVVMTestViewModel.m; sourceTree = "<group>"; };
		ECAA07211E16BD4C00A8F927 /* MVVMTestViewController.h */ = {isa = PBXFileReference; fileEncoding = 4; lastKnownFileType = sourcecode.c.h; path = MVVMTestViewController.h; sourceTree = "<group>"; };
		ECAA07221E16BD4C00A8F927 /* MVVMTestViewController.m */ = {isa = PBXFileReference; fileEncoding = 4; lastKnownFileType = sourcecode.c.objc; path = MVVMTestViewController.m; sourceTree = "<group>"; };
/* End PBXFileReference section */

/* Begin PBXFrameworksBuildPhase section */
		94BFA64B1E0169CB006AB728 /* Frameworks */ = {
			isa = PBXFrameworksBuildPhase;
			buildActionMask = 2147483647;
			files = (
				EC5A41671E328C24005C6277 /* libyoga.a in Frameworks */,
				EC5A41661E328C1D005C6277 /* libjschelpers.a in Frameworks */,
				EC5A41651E328C18005C6277 /* libcxxreact.a in Frameworks */,
				EC5A41641E328C11005C6277 /* libRCTWebSocket.a in Frameworks */,
				EC5A41631E328C0A005C6277 /* libRCTNetwork.a in Frameworks */,
				EC5A41501E327D24005C6277 /* libReact.a in Frameworks */,
				EC5A414F1E327D1F005C6277 /* libRCTText.a in Frameworks */,
				F5879CA508566C6462D140E5 /* Pods_AggregateTest.framework in Frameworks */,
			);
			runOnlyForDeploymentPostprocessing = 0;
		};
		94BFA6641E0169CB006AB728 /* Frameworks */ = {
			isa = PBXFrameworksBuildPhase;
			buildActionMask = 2147483647;
			files = (
				FABB6FCDEFC705C2B138FF0F /* Pods_AggregateTestTests.framework in Frameworks */,
			);
			runOnlyForDeploymentPostprocessing = 0;
		};
		94BFA66F1E0169CB006AB728 /* Frameworks */ = {
			isa = PBXFrameworksBuildPhase;
			buildActionMask = 2147483647;
			files = (
				D33C1B62F698DA4AFE569330 /* Pods_AggregateTestUITests.framework in Frameworks */,
			);
			runOnlyForDeploymentPostprocessing = 0;
		};
/* End PBXFrameworksBuildPhase section */

/* Begin PBXGroup section */
		614B8055807D8EF2B64B497B /* Pods */ = {
			isa = PBXGroup;
			children = (
				3D1022CDA15CF5DDC8037129 /* Pods-AggregateTest.debug.xcconfig */,
				DBFF50BC38358F115A8A8F83 /* Pods-AggregateTest.release.xcconfig */,
				EB2DC07C213859147A1FD22D /* Pods-AggregateTestTests.debug.xcconfig */,
				7094C1E38C5BF09D282F009C /* Pods-AggregateTestTests.release.xcconfig */,
				DEF1C9F57CFB1C400D336229 /* Pods-AggregateTestUITests.debug.xcconfig */,
				87929C801E75AF359C0CA2B5 /* Pods-AggregateTestUITests.release.xcconfig */,
			);
			name = Pods;
			sourceTree = "<group>";
		};
		6D3556E844E788243C5D3FA0 /* Frameworks */ = {
			isa = PBXGroup;
			children = (
				EC1467811E31F23B00871E33 /* JSPatch.framework */,
				EC14677F1E31F21600871E33 /* ReactiveCocoa.framework */,
				EC14677D1E31F21200871E33 /* React.framework */,
				EC14677B1E31F1F300871E33 /* JavaScriptCore.framework */,
				A730B1948499D57E69AB9992 /* Pods_AggregateTest.framework */,
				B63A8D28A536BB7D54BEADAA /* Pods_AggregateTestTests.framework */,
				94D63232C71A329EA03DF08F /* Pods_AggregateTestUITests.framework */,
			);
			name = Frameworks;
			sourceTree = "<group>";
		};
		94BFA6451E0169CB006AB728 = {
			isa = PBXGroup;
			children = (
				94BFA6501E0169CB006AB728 /* AggregateTest */,
				94BFA66A1E0169CB006AB728 /* AggregateTestTests */,
				94BFA6751E0169CB006AB728 /* AggregateTestUITests */,
				94BFA64F1E0169CB006AB728 /* Products */,
				614B8055807D8EF2B64B497B /* Pods */,
				6D3556E844E788243C5D3FA0 /* Frameworks */,
				EC5A41181E3278B0005C6277 /* ReactNative */,
				EC5A411F1E327C32005C6277 /* ReactNativeLibraries */,
			);
			sourceTree = "<group>";
		};
		94BFA64F1E0169CB006AB728 /* Products */ = {
			isa = PBXGroup;
			children = (
				94BFA64E1E0169CB006AB728 /* AggregateTest.app */,
				94BFA6671E0169CB006AB728 /* AggregateTestTests.xctest */,
				94BFA6721E0169CB006AB728 /* AggregateTestUITests.xctest */,
			);
			name = Products;
			sourceTree = "<group>";
		};
		94BFA6501E0169CB006AB728 /* AggregateTest */ = {
			isa = PBXGroup;
			children = (
				94BFA6841E016D5D006AB728 /* Sets4Test */,
				94BFA6861E016D77006AB728 /* Mediator */,
				94BFA6851E016D6E006AB728 /* 3rd */,
				94BFA69B1E024738006AB728 /* Utils */,
				94BFA6A61E0248EF006AB728 /* UI */,
				94BFA6541E0169CB006AB728 /* AppDelegate.h */,
				94BFA6551E0169CB006AB728 /* AppDelegate.m */,
				94BFA65D1E0169CB006AB728 /* Assets.xcassets */,
				94BFA65F1E0169CB006AB728 /* LaunchScreen.storyboard */,
				94BFA6621E0169CB006AB728 /* Info.plist */,
				EC961D3B1E165EF00014C7B1 /* AggregateTest-Bridging-Header.h */,
				94BFA6511E0169CB006AB728 /* Supporting Files */,
			);
			path = AggregateTest;
			sourceTree = "<group>";
		};
		94BFA6511E0169CB006AB728 /* Supporting Files */ = {
			isa = PBXGroup;
			children = (
				94BFA6521E0169CB006AB728 /* main.m */,
			);
			name = "Supporting Files";
			sourceTree = "<group>";
		};
		94BFA66A1E0169CB006AB728 /* AggregateTestTests */ = {
			isa = PBXGroup;
			children = (
				94BFA66B1E0169CB006AB728 /* AggregateTestTests.m */,
				94BFA66D1E0169CB006AB728 /* Info.plist */,
			);
			path = AggregateTestTests;
			sourceTree = "<group>";
		};
		94BFA6751E0169CB006AB728 /* AggregateTestUITests */ = {
			isa = PBXGroup;
			children = (
				94BFA6761E0169CB006AB728 /* AggregateTestUITests.m */,
				94BFA6781E0169CB006AB728 /* Info.plist */,
			);
			path = AggregateTestUITests;
			sourceTree = "<group>";
		};
		94BFA6841E016D5D006AB728 /* Sets4Test */ = {
			isa = PBXGroup;
			children = (
				94BFA6BE1E03E2FF006AB728 /* Memory */,
				EC961D371E1656F40014C7B1 /* ArchitectureMVP */,
				ECAA07171E16B56900A8F927 /* ArchitectureMVVM */,
				94BFA6871E016DC4006AB728 /* JSPatch */,
			);
			path = Sets4Test;
			sourceTree = "<group>";
		};
		94BFA6851E016D6E006AB728 /* 3rd */ = {
			isa = PBXGroup;
			children = (
			);
			path = 3rd;
			sourceTree = "<group>";
		};
		94BFA6861E016D77006AB728 /* Mediator */ = {
			isa = PBXGroup;
			children = (
				94BFA68C1E016FA1006AB728 /* YUENMediator.h */,
				94BFA6921E0238AD006AB728 /* YUENMediator+Root.h */,
				94BFA6931E0238AD006AB728 /* YUENMediator+Root.m */,
				94BFA6981E0246E9006AB728 /* UIViewController+MediatorWeafRefRegister.h */,
				94BFA6991E0246E9006AB728 /* UIViewController+MediatorWeafRefRegister.m */,
			);
			path = Mediator;
			sourceTree = "<group>";
		};
		94BFA6871E016DC4006AB728 /* JSPatch */ = {
			isa = PBXGroup;
			children = (
				94BFA6881E016E08006AB728 /* JSPatchTestRootVC.h */,
				94BFA6891E016E08006AB728 /* JSPatchTestRootVC.m */,
				94BFA6BC1E025B1A006AB728 /* main.js */,
			);
			path = JSPatch;
			sourceTree = "<group>";
		};
		94BFA69B1E024738006AB728 /* Utils */ = {
			isa = PBXGroup;
			children = (
				94BFA69C1E024740006AB728 /* YUENSwizzleMethodUtil.h */,
				94BFA69D1E024740006AB728 /* YUENSwizzleMethodUtil.m */,
			);
			path = Utils;
			sourceTree = "<group>";
		};
		94BFA6A61E0248EF006AB728 /* UI */ = {
			isa = PBXGroup;
			children = (
				94BFA6A71E0248EF006AB728 /* Root */,
			);
			path = UI;
			sourceTree = "<group>";
		};
		94BFA6A71E0248EF006AB728 /* Root */ = {
			isa = PBXGroup;
			children = (
				94BFA6B31E024917006AB728 /* Views */,
				94BFA6AE1E024917006AB728 /* ViewControllers */,
			);
			path = Root;
			sourceTree = "<group>";
		};
		94BFA6AE1E024917006AB728 /* ViewControllers */ = {
			isa = PBXGroup;
			children = (
				94BFA6AF1E024917006AB728 /* RootNavigationController.h */,
				94BFA6B01E024917006AB728 /* RootNavigationController.m */,
				94BFA6B11E024917006AB728 /* RootTableViewController.h */,
				94BFA6B21E024917006AB728 /* RootTableViewController.m */,
			);
			path = ViewControllers;
			sourceTree = "<group>";
		};
		94BFA6B31E024917006AB728 /* Views */ = {
			isa = PBXGroup;
			children = (
				94BFA6B91E0249AC006AB728 /* RootTableViewCell.h */,
				94BFA6BA1E0249AC006AB728 /* RootTableViewCell.m */,
			);
			path = Views;
			sourceTree = "<group>";
		};
		94BFA6BE1E03E2FF006AB728 /* Memory */ = {
			isa = PBXGroup;
			children = (
				94BFA6BF1E03E31C006AB728 /* TestMemoryBaseClass.h */,
				94BFA6C01E03E31C006AB728 /* TestMemoryBaseClass.m */,
				94BFA6C21E03E613006AB728 /* TestMemoryConcreteClass.h */,
				94BFA6C31E03E613006AB728 /* TestMemoryConcreteClass.m */,
			);
			path = Memory;
			sourceTree = "<group>";
		};
		EC5A41181E3278B0005C6277 /* ReactNative */ = {
			isa = PBXGroup;
			children = (
				EC5A41681E328FC3005C6277 /* index.ios.js */,
				EC5A411B1E327B88005C6277 /* package.json */,
				EC5A411C1E327B88005C6277 /* ReactNative.rtfd */,
			);
			path = ReactNative;
			sourceTree = "<group>";
		};
		EC5A411F1E327C32005C6277 /* ReactNativeLibraries */ = {
			isa = PBXGroup;
			children = (
				EC5A415A1E3288DF005C6277 /* RCTWebSocket.xcodeproj */,
				EC5A41511E3288C0005C6277 /* RCTNetwork.xcodeproj */,
				EC5A41461E327D16005C6277 /* RCTText.xcodeproj */,
				EC5A412B1E327CEF005C6277 /* React.xcodeproj */,
			);
			path = ReactNativeLibraries;
			sourceTree = "<group>";
		};
		EC5A412C1E327CEF005C6277 /* Products */ = {
			isa = PBXGroup;
			children = (
				EC5A41371E327CEF005C6277 /* libReact.a */,
				EC5A41391E327CEF005C6277 /* libReact.a */,
				EC5A413B1E327CEF005C6277 /* libyoga.a */,
				EC5A413D1E327CEF005C6277 /* libyoga.a */,
				EC5A413F1E327CEF005C6277 /* libcxxreact.a */,
				EC5A41411E327CEF005C6277 /* libcxxreact.a */,
				EC5A41431E327CEF005C6277 /* libjschelpers.a */,
				EC5A41451E327CEF005C6277 /* libjschelpers.a */,
			);
			name = Products;
			sourceTree = "<group>";
		};
		EC5A41471E327D16005C6277 /* Products */ = {
			isa = PBXGroup;
			children = (
				EC5A414C1E327D16005C6277 /* libRCTText.a */,
				EC5A414E1E327D16005C6277 /* libRCTText-tvOS.a */,
			);
			name = Products;
			sourceTree = "<group>";
		};
		EC5A41521E3288C0005C6277 /* Products */ = {
			isa = PBXGroup;
			children = (
				EC5A41571E3288C1005C6277 /* libRCTNetwork.a */,
				EC5A41591E3288C1005C6277 /* libRCTNetwork-tvOS.a */,
			);
			name = Products;
			sourceTree = "<group>";
		};
		EC5A415B1E3288DF005C6277 /* Products */ = {
			isa = PBXGroup;
			children = (
				EC5A41601E3288DF005C6277 /* libRCTWebSocket.a */,
				EC5A41621E3288DF005C6277 /* libRCTWebSocket-tvOS.a */,
			);
			name = Products;
			sourceTree = "<group>";
		};
		EC961D371E1656F40014C7B1 /* ArchitectureMVP */ = {
			isa = PBXGroup;
			children = (
				EC961D381E1657FA0014C7B1 /* ArchitectureMVPRootVC.h */,
				EC961D391E1657FA0014C7B1 /* ArchitectureMVPRootVC.m */,
				ECAA070E1E16963400A8F927 /* MVPTestDataModel.h */,
				ECAA070F1E16963400A8F927 /* MVPTestDataModel.m */,
				ECAA07111E16967C00A8F927 /* MVPTestPresenter.h */,
				ECAA07121E16967C00A8F927 /* MVPTestPresenter.m */,
				ECAA07141E16970500A8F927 /* MVPTestViewController.h */,
				ECAA07151E16970500A8F927 /* MVPTestViewController.m */,
			);
			path = ArchitectureMVP;
			sourceTree = "<group>";
		};
		ECAA07171E16B56900A8F927 /* ArchitectureMVVM */ = {
			isa = PBXGroup;
			children = (
				ECAA07181E16B58D00A8F927 /* ArchitectureMVVMRootVC.h */,
				ECAA07191E16B58D00A8F927 /* ArchitectureMVVMRootVC.m */,
				ECAA071B1E16BB7C00A8F927 /* MVVMTestDataModel.h */,
				ECAA071C1E16BB7C00A8F927 /* MVVMTestDataModel.m */,
				ECAA071E1E16BBAD00A8F927 /* MVVMTestViewModel.h */,
				ECAA071F1E16BBAD00A8F927 /* MVVMTestViewModel.m */,
				ECAA07211E16BD4C00A8F927 /* MVVMTestViewController.h */,
				ECAA07221E16BD4C00A8F927 /* MVVMTestViewController.m */,
			);
			path = ArchitectureMVVM;
			sourceTree = "<group>";
		};
/* End PBXGroup section */

/* Begin PBXNativeTarget section */
		94BFA64D1E0169CB006AB728 /* AggregateTest */ = {
			isa = PBXNativeTarget;
			buildConfigurationList = 94BFA67B1E0169CB006AB728 /* Build configuration list for PBXNativeTarget "AggregateTest" */;
			buildPhases = (
				A08020BC8C4CDEC7F9FE0AA6 /* [CP] Check Pods Manifest.lock */,
				94BFA64A1E0169CB006AB728 /* Sources */,
				94BFA64B1E0169CB006AB728 /* Frameworks */,
				94BFA64C1E0169CB006AB728 /* Resources */,
				D6ACB9E751A1F98088681B05 /* [CP] Embed Pods Frameworks */,
				5ECE8010562AA1F2D63FF3C7 /* [CP] Copy Pods Resources */,
			);
			buildRules = (
			);
			dependencies = (
			);
			name = AggregateTest;
			productName = AggregateTest;
			productReference = 94BFA64E1E0169CB006AB728 /* AggregateTest.app */;
			productType = "com.apple.product-type.application";
		};
		94BFA6661E0169CB006AB728 /* AggregateTestTests */ = {
			isa = PBXNativeTarget;
			buildConfigurationList = 94BFA67E1E0169CB006AB728 /* Build configuration list for PBXNativeTarget "AggregateTestTests" */;
			buildPhases = (
				1769FE47FF674F05B65C2F22 /* [CP] Check Pods Manifest.lock */,
				94BFA6631E0169CB006AB728 /* Sources */,
				94BFA6641E0169CB006AB728 /* Frameworks */,
				94BFA6651E0169CB006AB728 /* Resources */,
				D19CCA50632C0EF7D544ECB6 /* [CP] Embed Pods Frameworks */,
				B03FC302F7707AEAC6013DB9 /* [CP] Copy Pods Resources */,
			);
			buildRules = (
			);
			dependencies = (
				94BFA6691E0169CB006AB728 /* PBXTargetDependency */,
			);
			name = AggregateTestTests;
			productName = AggregateTestTests;
			productReference = 94BFA6671E0169CB006AB728 /* AggregateTestTests.xctest */;
			productType = "com.apple.product-type.bundle.unit-test";
		};
		94BFA6711E0169CB006AB728 /* AggregateTestUITests */ = {
			isa = PBXNativeTarget;
			buildConfigurationList = 94BFA6811E0169CB006AB728 /* Build configuration list for PBXNativeTarget "AggregateTestUITests" */;
			buildPhases = (
				1A2B15C4776E50CF1ECE7258 /* [CP] Check Pods Manifest.lock */,
				94BFA66E1E0169CB006AB728 /* Sources */,
				94BFA66F1E0169CB006AB728 /* Frameworks */,
				94BFA6701E0169CB006AB728 /* Resources */,
				4C9B1337E140FABD0A401CB9 /* [CP] Embed Pods Frameworks */,
				158954B6E5DA00330190187B /* [CP] Copy Pods Resources */,
			);
			buildRules = (
			);
			dependencies = (
				94BFA6741E0169CB006AB728 /* PBXTargetDependency */,
			);
			name = AggregateTestUITests;
			productName = AggregateTestUITests;
			productReference = 94BFA6721E0169CB006AB728 /* AggregateTestUITests.xctest */;
			productType = "com.apple.product-type.bundle.ui-testing";
		};
/* End PBXNativeTarget section */

/* Begin PBXProject section */
		94BFA6461E0169CB006AB728 /* Project object */ = {
			isa = PBXProject;
			attributes = {
				LastUpgradeCheck = 0800;
				ORGANIZATIONNAME = Yuen;
				TargetAttributes = {
					94BFA64D1E0169CB006AB728 = {
						CreatedOnToolsVersion = 8.0;
						DevelopmentTeam = JYRT8AXTRS;
						LastSwiftMigration = 0800;
						ProvisioningStyle = Automatic;
					};
					94BFA6661E0169CB006AB728 = {
						CreatedOnToolsVersion = 8.0;
						DevelopmentTeam = JYRT8AXTRS;
						ProvisioningStyle = Automatic;
						TestTargetID = 94BFA64D1E0169CB006AB728;
					};
					94BFA6711E0169CB006AB728 = {
						CreatedOnToolsVersion = 8.0;
						DevelopmentTeam = JYRT8AXTRS;
						ProvisioningStyle = Automatic;
						TestTargetID = 94BFA64D1E0169CB006AB728;
					};
				};
			};
			buildConfigurationList = 94BFA6491E0169CB006AB728 /* Build configuration list for PBXProject "AggregateTest" */;
			compatibilityVersion = "Xcode 3.2";
			developmentRegion = English;
			hasScannedForEncodings = 0;
			knownRegions = (
				en,
				Base,
			);
			mainGroup = 94BFA6451E0169CB006AB728;
			productRefGroup = 94BFA64F1E0169CB006AB728 /* Products */;
			projectDirPath = "";
			projectReferences = (
				{
					ProductGroup = EC5A41521E3288C0005C6277 /* Products */;
					ProjectRef = EC5A41511E3288C0005C6277 /* RCTNetwork.xcodeproj */;
				},
				{
					ProductGroup = EC5A41471E327D16005C6277 /* Products */;
					ProjectRef = EC5A41461E327D16005C6277 /* RCTText.xcodeproj */;
				},
				{
					ProductGroup = EC5A415B1E3288DF005C6277 /* Products */;
					ProjectRef = EC5A415A1E3288DF005C6277 /* RCTWebSocket.xcodeproj */;
				},
				{
					ProductGroup = EC5A412C1E327CEF005C6277 /* Products */;
					ProjectRef = EC5A412B1E327CEF005C6277 /* React.xcodeproj */;
				},
			);
			projectRoot = "";
			targets = (
				94BFA64D1E0169CB006AB728 /* AggregateTest */,
				94BFA6661E0169CB006AB728 /* AggregateTestTests */,
				94BFA6711E0169CB006AB728 /* AggregateTestUITests */,
			);
		};
/* End PBXProject section */

/* Begin PBXReferenceProxy section */
		EC5A41371E327CEF005C6277 /* libReact.a */ = {
			isa = PBXReferenceProxy;
			fileType = archive.ar;
			path = libReact.a;
			remoteRef = EC5A41361E327CEF005C6277 /* PBXContainerItemProxy */;
			sourceTree = BUILT_PRODUCTS_DIR;
		};
		EC5A41391E327CEF005C6277 /* libReact.a */ = {
			isa = PBXReferenceProxy;
			fileType = archive.ar;
			path = libReact.a;
			remoteRef = EC5A41381E327CEF005C6277 /* PBXContainerItemProxy */;
			sourceTree = BUILT_PRODUCTS_DIR;
		};
		EC5A413B1E327CEF005C6277 /* libyoga.a */ = {
			isa = PBXReferenceProxy;
			fileType = archive.ar;
			path = libyoga.a;
			remoteRef = EC5A413A1E327CEF005C6277 /* PBXContainerItemProxy */;
			sourceTree = BUILT_PRODUCTS_DIR;
		};
		EC5A413D1E327CEF005C6277 /* libyoga.a */ = {
			isa = PBXReferenceProxy;
			fileType = archive.ar;
			path = libyoga.a;
			remoteRef = EC5A413C1E327CEF005C6277 /* PBXContainerItemProxy */;
			sourceTree = BUILT_PRODUCTS_DIR;
		};
		EC5A413F1E327CEF005C6277 /* libcxxreact.a */ = {
			isa = PBXReferenceProxy;
			fileType = archive.ar;
			path = libcxxreact.a;
			remoteRef = EC5A413E1E327CEF005C6277 /* PBXContainerItemProxy */;
			sourceTree = BUILT_PRODUCTS_DIR;
		};
		EC5A41411E327CEF005C6277 /* libcxxreact.a */ = {
			isa = PBXReferenceProxy;
			fileType = archive.ar;
			path = libcxxreact.a;
			remoteRef = EC5A41401E327CEF005C6277 /* PBXContainerItemProxy */;
			sourceTree = BUILT_PRODUCTS_DIR;
		};
		EC5A41431E327CEF005C6277 /* libjschelpers.a */ = {
			isa = PBXReferenceProxy;
			fileType = archive.ar;
			path = libjschelpers.a;
			remoteRef = EC5A41421E327CEF005C6277 /* PBXContainerItemProxy */;
			sourceTree = BUILT_PRODUCTS_DIR;
		};
		EC5A41451E327CEF005C6277 /* libjschelpers.a */ = {
			isa = PBXReferenceProxy;
			fileType = archive.ar;
			path = libjschelpers.a;
			remoteRef = EC5A41441E327CEF005C6277 /* PBXContainerItemProxy */;
			sourceTree = BUILT_PRODUCTS_DIR;
		};
		EC5A414C1E327D16005C6277 /* libRCTText.a */ = {
			isa = PBXReferenceProxy;
			fileType = archive.ar;
			path = libRCTText.a;
			remoteRef = EC5A414B1E327D16005C6277 /* PBXContainerItemProxy */;
			sourceTree = BUILT_PRODUCTS_DIR;
		};
		EC5A414E1E327D16005C6277 /* libRCTText-tvOS.a */ = {
			isa = PBXReferenceProxy;
			fileType = archive.ar;
			path = "libRCTText-tvOS.a";
			remoteRef = EC5A414D1E327D16005C6277 /* PBXContainerItemProxy */;
			sourceTree = BUILT_PRODUCTS_DIR;
		};
		EC5A41571E3288C1005C6277 /* libRCTNetwork.a */ = {
			isa = PBXReferenceProxy;
			fileType = archive.ar;
			path = libRCTNetwork.a;
			remoteRef = EC5A41561E3288C1005C6277 /* PBXContainerItemProxy */;
			sourceTree = BUILT_PRODUCTS_DIR;
		};
		EC5A41591E3288C1005C6277 /* libRCTNetwork-tvOS.a */ = {
			isa = PBXReferenceProxy;
			fileType = archive.ar;
			path = "libRCTNetwork-tvOS.a";
			remoteRef = EC5A41581E3288C1005C6277 /* PBXContainerItemProxy */;
			sourceTree = BUILT_PRODUCTS_DIR;
		};
		EC5A41601E3288DF005C6277 /* libRCTWebSocket.a */ = {
			isa = PBXReferenceProxy;
			fileType = archive.ar;
			path = libRCTWebSocket.a;
			remoteRef = EC5A415F1E3288DF005C6277 /* PBXContainerItemProxy */;
			sourceTree = BUILT_PRODUCTS_DIR;
		};
		EC5A41621E3288DF005C6277 /* libRCTWebSocket-tvOS.a */ = {
			isa = PBXReferenceProxy;
			fileType = archive.ar;
			path = "libRCTWebSocket-tvOS.a";
			remoteRef = EC5A41611E3288DF005C6277 /* PBXContainerItemProxy */;
			sourceTree = BUILT_PRODUCTS_DIR;
		};
/* End PBXReferenceProxy section */

/* Begin PBXResourcesBuildPhase section */
		94BFA64C1E0169CB006AB728 /* Resources */ = {
			isa = PBXResourcesBuildPhase;
			buildActionMask = 2147483647;
			files = (
				EC5A41691E328FC3005C6277 /* index.ios.js in Resources */,
				94BFA6BD1E025B1A006AB728 /* main.js in Resources */,
				94BFA6611E0169CB006AB728 /* LaunchScreen.storyboard in Resources */,
				94BFA65E1E0169CB006AB728 /* Assets.xcassets in Resources */,
			);
			runOnlyForDeploymentPostprocessing = 0;
		};
		94BFA6651E0169CB006AB728 /* Resources */ = {
			isa = PBXResourcesBuildPhase;
			buildActionMask = 2147483647;
			files = (
			);
			runOnlyForDeploymentPostprocessing = 0;
		};
		94BFA6701E0169CB006AB728 /* Resources */ = {
			isa = PBXResourcesBuildPhase;
			buildActionMask = 2147483647;
			files = (
			);
			runOnlyForDeploymentPostprocessing = 0;
		};
/* End PBXResourcesBuildPhase section */

/* Begin PBXShellScriptBuildPhase section */
		158954B6E5DA00330190187B /* [CP] Copy Pods Resources */ = {
			isa = PBXShellScriptBuildPhase;
			buildActionMask = 2147483647;
			files = (
			);
			inputPaths = (
			);
			name = "[CP] Copy Pods Resources";
			outputPaths = (
			);
			runOnlyForDeploymentPostprocessing = 0;
			shellPath = /bin/sh;
			shellScript = "\"${SRCROOT}/Pods/Target Support Files/Pods-AggregateTestUITests/Pods-AggregateTestUITests-resources.sh\"\n";
			showEnvVarsInLog = 0;
		};
		1769FE47FF674F05B65C2F22 /* [CP] Check Pods Manifest.lock */ = {
			isa = PBXShellScriptBuildPhase;
			buildActionMask = 2147483647;
			files = (
			);
			inputPaths = (
			);
			name = "[CP] Check Pods Manifest.lock";
			outputPaths = (
			);
			runOnlyForDeploymentPostprocessing = 0;
			shellPath = /bin/sh;
			shellScript = "diff \"${PODS_ROOT}/../Podfile.lock\" \"${PODS_ROOT}/Manifest.lock\" > /dev/null\nif [ $? != 0 ] ; then\n    # print error to STDERR\n    echo \"error: The sandbox is not in sync with the Podfile.lock. Run 'pod install' or update your CocoaPods installation.\" >&2\n    exit 1\nfi\n";
			showEnvVarsInLog = 0;
		};
		1A2B15C4776E50CF1ECE7258 /* [CP] Check Pods Manifest.lock */ = {
			isa = PBXShellScriptBuildPhase;
			buildActionMask = 2147483647;
			files = (
			);
			inputPaths = (
			);
			name = "[CP] Check Pods Manifest.lock";
			outputPaths = (
			);
			runOnlyForDeploymentPostprocessing = 0;
			shellPath = /bin/sh;
			shellScript = "diff \"${PODS_ROOT}/../Podfile.lock\" \"${PODS_ROOT}/Manifest.lock\" > /dev/null\nif [ $? != 0 ] ; then\n    # print error to STDERR\n    echo \"error: The sandbox is not in sync with the Podfile.lock. Run 'pod install' or update your CocoaPods installation.\" >&2\n    exit 1\nfi\n";
			showEnvVarsInLog = 0;
		};
		4C9B1337E140FABD0A401CB9 /* [CP] Embed Pods Frameworks */ = {
			isa = PBXShellScriptBuildPhase;
			buildActionMask = 2147483647;
			files = (
			);
			inputPaths = (
			);
			name = "[CP] Embed Pods Frameworks";
			outputPaths = (
			);
			runOnlyForDeploymentPostprocessing = 0;
			shellPath = /bin/sh;
			shellScript = "\"${SRCROOT}/Pods/Target Support Files/Pods-AggregateTestUITests/Pods-AggregateTestUITests-frameworks.sh\"\n";
			showEnvVarsInLog = 0;
		};
		5ECE8010562AA1F2D63FF3C7 /* [CP] Copy Pods Resources */ = {
			isa = PBXShellScriptBuildPhase;
			buildActionMask = 2147483647;
			files = (
			);
			inputPaths = (
			);
			name = "[CP] Copy Pods Resources";
			outputPaths = (
			);
			runOnlyForDeploymentPostprocessing = 0;
			shellPath = /bin/sh;
			shellScript = "\"${SRCROOT}/Pods/Target Support Files/Pods-AggregateTest/Pods-AggregateTest-resources.sh\"\n";
			showEnvVarsInLog = 0;
		};
		A08020BC8C4CDEC7F9FE0AA6 /* [CP] Check Pods Manifest.lock */ = {
			isa = PBXShellScriptBuildPhase;
			buildActionMask = 2147483647;
			files = (
			);
			inputPaths = (
			);
			name = "[CP] Check Pods Manifest.lock";
			outputPaths = (
			);
			runOnlyForDeploymentPostprocessing = 0;
			shellPath = /bin/sh;
			shellScript = "diff \"${PODS_ROOT}/../Podfile.lock\" \"${PODS_ROOT}/Manifest.lock\" > /dev/null\nif [ $? != 0 ] ; then\n    # print error to STDERR\n    echo \"error: The sandbox is not in sync with the Podfile.lock. Run 'pod install' or update your CocoaPods installation.\" >&2\n    exit 1\nfi\n";
			showEnvVarsInLog = 0;
		};
		B03FC302F7707AEAC6013DB9 /* [CP] Copy Pods Resources */ = {
			isa = PBXShellScriptBuildPhase;
			buildActionMask = 2147483647;
			files = (
			);
			inputPaths = (
			);
			name = "[CP] Copy Pods Resources";
			outputPaths = (
			);
			runOnlyForDeploymentPostprocessing = 0;
			shellPath = /bin/sh;
			shellScript = "\"${SRCROOT}/Pods/Target Support Files/Pods-AggregateTestTests/Pods-AggregateTestTests-resources.sh\"\n";
			showEnvVarsInLog = 0;
		};
		D19CCA50632C0EF7D544ECB6 /* [CP] Embed Pods Frameworks */ = {
			isa = PBXShellScriptBuildPhase;
			buildActionMask = 2147483647;
			files = (
			);
			inputPaths = (
			);
			name = "[CP] Embed Pods Frameworks";
			outputPaths = (
			);
			runOnlyForDeploymentPostprocessing = 0;
			shellPath = /bin/sh;
			shellScript = "\"${SRCROOT}/Pods/Target Support Files/Pods-AggregateTestTests/Pods-AggregateTestTests-frameworks.sh\"\n";
			showEnvVarsInLog = 0;
		};
		D6ACB9E751A1F98088681B05 /* [CP] Embed Pods Frameworks */ = {
			isa = PBXShellScriptBuildPhase;
			buildActionMask = 2147483647;
			files = (
			);
			inputPaths = (
			);
			name = "[CP] Embed Pods Frameworks";
			outputPaths = (
			);
			runOnlyForDeploymentPostprocessing = 0;
			shellPath = /bin/sh;
			shellScript = "\"${SRCROOT}/Pods/Target Support Files/Pods-AggregateTest/Pods-AggregateTest-frameworks.sh\"\n";
			showEnvVarsInLog = 0;
		};
/* End PBXShellScriptBuildPhase section */

/* Begin PBXSourcesBuildPhase section */
		94BFA64A1E0169CB006AB728 /* Sources */ = {
			isa = PBXSourcesBuildPhase;
			buildActionMask = 2147483647;
			files = (
				ECAA07131E16967C00A8F927 /* MVPTestPresenter.m in Sources */,
				ECAA07161E16970500A8F927 /* MVPTestViewController.m in Sources */,
				ECAA07201E16BBAD00A8F927 /* MVVMTestViewModel.m in Sources */,
				94BFA68A1E016E08006AB728 /* JSPatchTestRootVC.m in Sources */,
				94BFA69E1E024740006AB728 /* YUENSwizzleMethodUtil.m in Sources */,
				94BFA6C11E03E31C006AB728 /* TestMemoryBaseClass.m in Sources */,
				94BFA6BB1E0249AC006AB728 /* RootTableViewCell.m in Sources */,
				94BFA6B41E024917006AB728 /* RootNavigationController.m in Sources */,
				94BFA6C41E03E613006AB728 /* TestMemoryConcreteClass.m in Sources */,
				94BFA69A1E0246E9006AB728 /* UIViewController+MediatorWeafRefRegister.m in Sources */,
				ECAA071A1E16B58D00A8F927 /* ArchitectureMVVMRootVC.m in Sources */,
				ECAA071D1E16BB7C00A8F927 /* MVVMTestDataModel.m in Sources */,
				ECAA07231E16BD4C00A8F927 /* MVVMTestViewController.m in Sources */,
				EC961D3A1E1657FA0014C7B1 /* ArchitectureMVPRootVC.m in Sources */,
				94BFA6561E0169CB006AB728 /* AppDelegate.m in Sources */,
				ECAA07101E16963400A8F927 /* MVPTestDataModel.m in Sources */,
				94BFA6531E0169CB006AB728 /* main.m in Sources */,
				94BFA6941E0238AD006AB728 /* YUENMediator+Root.m in Sources */,
				94BFA6B51E024917006AB728 /* RootTableViewController.m in Sources */,
			);
			runOnlyForDeploymentPostprocessing = 0;
		};
		94BFA6631E0169CB006AB728 /* Sources */ = {
			isa = PBXSourcesBuildPhase;
			buildActionMask = 2147483647;
			files = (
				94BFA66C1E0169CB006AB728 /* AggregateTestTests.m in Sources */,
			);
			runOnlyForDeploymentPostprocessing = 0;
		};
		94BFA66E1E0169CB006AB728 /* Sources */ = {
			isa = PBXSourcesBuildPhase;
			buildActionMask = 2147483647;
			files = (
				94BFA6771E0169CB006AB728 /* AggregateTestUITests.m in Sources */,
			);
			runOnlyForDeploymentPostprocessing = 0;
		};
/* End PBXSourcesBuildPhase section */

/* Begin PBXTargetDependency section */
		94BFA6691E0169CB006AB728 /* PBXTargetDependency */ = {
			isa = PBXTargetDependency;
			target = 94BFA64D1E0169CB006AB728 /* AggregateTest */;
			targetProxy = 94BFA6681E0169CB006AB728 /* PBXContainerItemProxy */;
		};
		94BFA6741E0169CB006AB728 /* PBXTargetDependency */ = {
			isa = PBXTargetDependency;
			target = 94BFA64D1E0169CB006AB728 /* AggregateTest */;
			targetProxy = 94BFA6731E0169CB006AB728 /* PBXContainerItemProxy */;
		};
/* End PBXTargetDependency section */

/* Begin PBXVariantGroup section */
		94BFA65F1E0169CB006AB728 /* LaunchScreen.storyboard */ = {
			isa = PBXVariantGroup;
			children = (
				94BFA6601E0169CB006AB728 /* Base */,
			);
			name = LaunchScreen.storyboard;
			sourceTree = "<group>";
		};
/* End PBXVariantGroup section */

/* Begin XCBuildConfiguration section */
		94BFA6791E0169CB006AB728 /* Debug */ = {
			isa = XCBuildConfiguration;
			buildSettings = {
				ALWAYS_SEARCH_USER_PATHS = NO;
				CLANG_ANALYZER_NONNULL = YES;
				CLANG_CXX_LANGUAGE_STANDARD = "gnu++0x";
				CLANG_CXX_LIBRARY = "libc++";
				CLANG_ENABLE_MODULES = YES;
				CLANG_ENABLE_OBJC_ARC = YES;
				CLANG_WARN_BOOL_CONVERSION = YES;
				CLANG_WARN_CONSTANT_CONVERSION = YES;
				CLANG_WARN_DIRECT_OBJC_ISA_USAGE = YES_ERROR;
				CLANG_WARN_DOCUMENTATION_COMMENTS = YES;
				CLANG_WARN_EMPTY_BODY = YES;
				CLANG_WARN_ENUM_CONVERSION = YES;
				CLANG_WARN_INFINITE_RECURSION = YES;
				CLANG_WARN_INT_CONVERSION = YES;
				CLANG_WARN_OBJC_ROOT_CLASS = YES_ERROR;
				CLANG_WARN_SUSPICIOUS_MOVES = YES;
				CLANG_WARN_UNREACHABLE_CODE = YES;
				CLANG_WARN__DUPLICATE_METHOD_MATCH = YES;
				"CODE_SIGN_IDENTITY[sdk=iphoneos*]" = "iPhone Developer";
				COPY_PHASE_STRIP = NO;
				DEBUG_INFORMATION_FORMAT = dwarf;
				ENABLE_STRICT_OBJC_MSGSEND = YES;
				ENABLE_TESTABILITY = YES;
				GCC_C_LANGUAGE_STANDARD = gnu99;
				GCC_DYNAMIC_NO_PIC = NO;
				GCC_NO_COMMON_BLOCKS = YES;
				GCC_OPTIMIZATION_LEVEL = 0;
				GCC_PREPROCESSOR_DEFINITIONS = (
					"DEBUG=1",
					"$(inherited)",
				);
				GCC_WARN_64_TO_32_BIT_CONVERSION = YES;
				GCC_WARN_ABOUT_RETURN_TYPE = YES_ERROR;
				GCC_WARN_UNDECLARED_SELECTOR = YES;
				GCC_WARN_UNINITIALIZED_AUTOS = YES_AGGRESSIVE;
				GCC_WARN_UNUSED_FUNCTION = YES;
				GCC_WARN_UNUSED_VARIABLE = YES;
				IPHONEOS_DEPLOYMENT_TARGET = 10.0;
				MTL_ENABLE_DEBUG_INFO = YES;
				ONLY_ACTIVE_ARCH = YES;
				SDKROOT = iphoneos;
				TARGETED_DEVICE_FAMILY = "1,2";
			};
			name = Debug;
		};
		94BFA67A1E0169CB006AB728 /* Release */ = {
			isa = XCBuildConfiguration;
			buildSettings = {
				ALWAYS_SEARCH_USER_PATHS = NO;
				CLANG_ANALYZER_NONNULL = YES;
				CLANG_CXX_LANGUAGE_STANDARD = "gnu++0x";
				CLANG_CXX_LIBRARY = "libc++";
				CLANG_ENABLE_MODULES = YES;
				CLANG_ENABLE_OBJC_ARC = YES;
				CLANG_WARN_BOOL_CONVERSION = YES;
				CLANG_WARN_CONSTANT_CONVERSION = YES;
				CLANG_WARN_DIRECT_OBJC_ISA_USAGE = YES_ERROR;
				CLANG_WARN_DOCUMENTATION_COMMENTS = YES;
				CLANG_WARN_EMPTY_BODY = YES;
				CLANG_WARN_ENUM_CONVERSION = YES;
				CLANG_WARN_INFINITE_RECURSION = YES;
				CLANG_WARN_INT_CONVERSION = YES;
				CLANG_WARN_OBJC_ROOT_CLASS = YES_ERROR;
				CLANG_WARN_SUSPICIOUS_MOVES = YES;
				CLANG_WARN_UNREACHABLE_CODE = YES;
				CLANG_WARN__DUPLICATE_METHOD_MATCH = YES;
				"CODE_SIGN_IDENTITY[sdk=iphoneos*]" = "iPhone Developer";
				COPY_PHASE_STRIP = NO;
				DEBUG_INFORMATION_FORMAT = "dwarf-with-dsym";
				ENABLE_NS_ASSERTIONS = NO;
				ENABLE_STRICT_OBJC_MSGSEND = YES;
				GCC_C_LANGUAGE_STANDARD = gnu99;
				GCC_NO_COMMON_BLOCKS = YES;
				GCC_WARN_64_TO_32_BIT_CONVERSION = YES;
				GCC_WARN_ABOUT_RETURN_TYPE = YES_ERROR;
				GCC_WARN_UNDECLARED_SELECTOR = YES;
				GCC_WARN_UNINITIALIZED_AUTOS = YES_AGGRESSIVE;
				GCC_WARN_UNUSED_FUNCTION = YES;
				GCC_WARN_UNUSED_VARIABLE = YES;
				IPHONEOS_DEPLOYMENT_TARGET = 10.0;
				MTL_ENABLE_DEBUG_INFO = NO;
				SDKROOT = iphoneos;
				TARGETED_DEVICE_FAMILY = "1,2";
				VALIDATE_PRODUCT = YES;
			};
			name = Release;
		};
		94BFA67C1E0169CB006AB728 /* Debug */ = {
			isa = XCBuildConfiguration;
			baseConfigurationReference = 3D1022CDA15CF5DDC8037129 /* Pods-AggregateTest.debug.xcconfig */;
			buildSettings = {
				ALWAYS_SEARCH_USER_PATHS = NO;
				ASSETCATALOG_COMPILER_APPICON_NAME = AppIcon;
				CLANG_ENABLE_MODULES = YES;
				DEVELOPMENT_TEAM = JYRT8AXTRS;
				HEADER_SEARCH_PATHS = "";
				INFOPLIST_FILE = AggregateTest/Info.plist;
				LD_RUNPATH_SEARCH_PATHS = "$(inherited) @executable_path/Frameworks";
				OTHER_LDFLAGS = (
					"$(inherited)",
					"-framework",
					"\"JSPatch\"",
					"-framework",
					"\"ReactiveCocoa\"",
					"-ObjC",
					"-lc++",
				);
				PRODUCT_BUNDLE_IDENTIFIER = com.ChengYuen.AggregateTest;
				PRODUCT_NAME = "$(TARGET_NAME)";
				SWIFT_OBJC_BRIDGING_HEADER = "AggregateTest/Sets4Test/ArchitectureMVP/AggregateTest-Bridging-Header.h";
				SWIFT_OPTIMIZATION_LEVEL = "-Onone";
				SWIFT_VERSION = 3.0;
			};
			name = Debug;
		};
		94BFA67D1E0169CB006AB728 /* Release */ = {
			isa = XCBuildConfiguration;
			baseConfigurationReference = DBFF50BC38358F115A8A8F83 /* Pods-AggregateTest.release.xcconfig */;
			buildSettings = {
				ALWAYS_SEARCH_USER_PATHS = NO;
				ASSETCATALOG_COMPILER_APPICON_NAME = AppIcon;
				CLANG_ENABLE_MODULES = YES;
				DEVELOPMENT_TEAM = JYRT8AXTRS;
				HEADER_SEARCH_PATHS = "";
				INFOPLIST_FILE = AggregateTest/Info.plist;
				LD_RUNPATH_SEARCH_PATHS = "$(inherited) @executable_path/Frameworks";
				OTHER_LDFLAGS = (
					"$(inherited)",
					"-framework",
					"\"JSPatch\"",
					"-framework",
					"\"ReactiveCocoa\"",
					"-ObjC",
					"-lc++",
				);
				PRODUCT_BUNDLE_IDENTIFIER = com.ChengYuen.AggregateTest;
				PRODUCT_NAME = "$(TARGET_NAME)";
				SWIFT_OBJC_BRIDGING_HEADER = "AggregateTest/Sets4Test/ArchitectureMVP/AggregateTest-Bridging-Header.h";
				SWIFT_VERSION = 3.0;
			};
			name = Release;
		};
		94BFA67F1E0169CB006AB728 /* Debug */ = {
			isa = XCBuildConfiguration;
			baseConfigurationReference = EB2DC07C213859147A1FD22D /* Pods-AggregateTestTests.debug.xcconfig */;
			buildSettings = {
				BUNDLE_LOADER = "$(TEST_HOST)";
				DEVELOPMENT_TEAM = JYRT8AXTRS;
				INFOPLIST_FILE = AggregateTestTests/Info.plist;
				LD_RUNPATH_SEARCH_PATHS = "$(inherited) @executable_path/Frameworks @loader_path/Frameworks";
				PRODUCT_BUNDLE_IDENTIFIER = com.Yuen.AggregateTestTests;
				PRODUCT_NAME = "$(TARGET_NAME)";
				TEST_HOST = "$(BUILT_PRODUCTS_DIR)/AggregateTest.app/AggregateTest";
			};
			name = Debug;
		};
		94BFA6801E0169CB006AB728 /* Release */ = {
			isa = XCBuildConfiguration;
			baseConfigurationReference = 7094C1E38C5BF09D282F009C /* Pods-AggregateTestTests.release.xcconfig */;
			buildSettings = {
				BUNDLE_LOADER = "$(TEST_HOST)";
				DEVELOPMENT_TEAM = JYRT8AXTRS;
				INFOPLIST_FILE = AggregateTestTests/Info.plist;
				LD_RUNPATH_SEARCH_PATHS = "$(inherited) @executable_path/Frameworks @loader_path/Frameworks";
				PRODUCT_BUNDLE_IDENTIFIER = com.Yuen.AggregateTestTests;
				PRODUCT_NAME = "$(TARGET_NAME)";
				TEST_HOST = "$(BUILT_PRODUCTS_DIR)/AggregateTest.app/AggregateTest";
			};
			name = Release;
		};
		94BFA6821E0169CB006AB728 /* Debug */ = {
			isa = XCBuildConfiguration;
			baseConfigurationReference = DEF1C9F57CFB1C400D336229 /* Pods-AggregateTestUITests.debug.xcconfig */;
			buildSettings = {
				DEVELOPMENT_TEAM = JYRT8AXTRS;
				INFOPLIST_FILE = AggregateTestUITests/Info.plist;
				LD_RUNPATH_SEARCH_PATHS = "$(inherited) @executable_path/Frameworks @loader_path/Frameworks";
				PRODUCT_BUNDLE_IDENTIFIER = com.Yuen.AggregateTestUITests;
				PRODUCT_NAME = "$(TARGET_NAME)";
				TEST_TARGET_NAME = AggregateTest;
			};
			name = Debug;
		};
		94BFA6831E0169CB006AB728 /* Release */ = {
			isa = XCBuildConfiguration;
			baseConfigurationReference = 87929C801E75AF359C0CA2B5 /* Pods-AggregateTestUITests.release.xcconfig */;
			buildSettings = {
				DEVELOPMENT_TEAM = JYRT8AXTRS;
				INFOPLIST_FILE = AggregateTestUITests/Info.plist;
				LD_RUNPATH_SEARCH_PATHS = "$(inherited) @executable_path/Frameworks @loader_path/Frameworks";
				PRODUCT_BUNDLE_IDENTIFIER = com.Yuen.AggregateTestUITests;
				PRODUCT_NAME = "$(TARGET_NAME)";
				TEST_TARGET_NAME = AggregateTest;
			};
			name = Release;
		};
/* End XCBuildConfiguration section */

/* Begin XCConfigurationList section */
		94BFA6491E0169CB006AB728 /* Build configuration list for PBXProject "AggregateTest" */ = {
			isa = XCConfigurationList;
			buildConfigurations = (
				94BFA6791E0169CB006AB728 /* Debug */,
				94BFA67A1E0169CB006AB728 /* Release */,
			);
			defaultConfigurationIsVisible = 0;
			defaultConfigurationName = Release;
		};
		94BFA67B1E0169CB006AB728 /* Build configuration list for PBXNativeTarget "AggregateTest" */ = {
			isa = XCConfigurationList;
			buildConfigurations = (
				94BFA67C1E0169CB006AB728 /* Debug */,
				94BFA67D1E0169CB006AB728 /* Release */,
			);
			defaultConfigurationIsVisible = 0;
			defaultConfigurationName = Release;
		};
		94BFA67E1E0169CB006AB728 /* Build configuration list for PBXNativeTarget "AggregateTestTests" */ = {
			isa = XCConfigurationList;
			buildConfigurations = (
				94BFA67F1E0169CB006AB728 /* Debug */,
				94BFA6801E0169CB006AB728 /* Release */,
			);
			defaultConfigurationIsVisible = 0;
			defaultConfigurationName = Release;
		};
		94BFA6811E0169CB006AB728 /* Build configuration list for PBXNativeTarget "AggregateTestUITests" */ = {
			isa = XCConfigurationList;
			buildConfigurations = (
				94BFA6821E0169CB006AB728 /* Debug */,
				94BFA6831E0169CB006AB728 /* Release */,
			);
			defaultConfigurationIsVisible = 0;
			defaultConfigurationName = Release;
		};
/* End XCConfigurationList section */
	};
	rootObject = 94BFA6461E0169CB006AB728 /* Project object */;
}
